<?xml version="1.0" encoding="UTF-8" standalone="yes" ?>
<CodeBlocks_project_file>
	<FileVersion major="1" minor="6" />
	<Project>
		<Option title="TF_POO_Estrada" />
		<Option pch_mode="2" />
		<Option compiler="gcc" />
		<Build>
			<Target title="Debug">
				<Option output="bin/Debug/TF_POO_Estrada" prefix_auto="1" extension_auto="1" />
				<Option object_output="obj/Debug/" />
				<Option type="1" />
				<Option compiler="gcc" />
				<Compiler>
					<Add option="-g" />
					<Add directory="include" />
				</Compiler>
			</Target>
			<Target title="Release">
				<Option output="bin/Release/TF_POO_Estrada" prefix_auto="1" extension_auto="1" />
				<Option object_output="obj/Release/" />
				<Option type="1" />
				<Option compiler="gcc" />
				<Compiler>
					<Add option="-O2" />
					<Add directory="include" />
				</Compiler>
				<Linker>
					<Add option="-s" />
				</Linker>
			</Target>
		</Build>
		<Compiler>
			<Add option="-Wall" />
			<Add option="-fexceptions" />
		</Compiler>
		<Unit filename="include/Fecha.h" />
		<Unit filename="include/GestorProveedores.h" />
		<Unit filename="include/GestorTransacciones.h" />
		<Unit filename="include/InputUtils.h" />
		<Unit filename="include/Inventario.h" />
		<Unit filename="include/Menu.h" />
		<Unit filename="include/Producto.h" />
		<Unit filename="include/ProductosStore.h" />
		<Unit filename="include/Proveedor.h" />
		<Unit filename="include/ProveedoresStore.h" />
		<Unit filename="include/Remito.h" />
		<Unit filename="include/RemitosStore.h" />
		<Unit filename="include/Sistema.h" />
		<Unit filename="main.cpp" />
		<Unit filename="src/Fecha.cpp" />
		<Unit filename="src/GestorProveedores.cpp" />
		<Unit filename="src/GestorTransacciones.cpp" />
		<Unit filename="src/Inventario.cpp" />
		<Unit filename="src/Menu.cpp" />
		<Unit filename="src/Producto.cpp" />
		<Unit filename="src/ProductosStore.cpp" />
		<Unit filename="src/Proveedor.cpp" />
		<Unit filename="src/ProveedoresStore.cpp" />
		<Unit filename="src/Remito.cpp" />
		<Unit filename="src/RemitosStore.cpp" />
		<Unit filename="src/Sistema.cpp" />
		<Extensions>
			<lib_finder disable_auto="1" />
		</Extensions>
	</Project>
</CodeBlocks_project_file>
